
Microsoft Visual Studio Solution File, Format Version 12.00
# Visual Studio Version 17
VisualStudioVersion = 17.7.34202.233
MinimumVisualStudioVersion = 10.0.40219.1
Project("{FAE04EC0-301F-11D3-BF4B-00C04F79EFBC}") = "Discretos Level Designer", "Discretos Level Designer\Discretos Level Designer.csproj", "{796FAE89-1423-47A7-8E47-532E3ACCB282}"
EndProject
Global
	GlobalSection(SolutionConfigurationPlatforms) = preSolution
		Debug|Any CPU = Debug|Any CPU
		Release|Any CPU = Release|Any CPU
	EndGlobalSection
	GlobalSection(ProjectConfigurationPlatforms) = postSolution
		{796FAE89-1423-47A7-8E47-532E3ACCB282}.Debug|Any CPU.ActiveCfg = Debug|Any CPU
		{796FAE89-1423-47A7-8E47-532E3ACCB282}.Debug|Any CPU.Build.0 = Debug|Any CPU
		{796FAE89-1423-47A7-8E47-532E3ACCB282}.Release|Any CPU.ActiveCfg = Release|Any CPU
		{796FAE89-1423-47A7-8E47-532E3ACCB282}.Release|Any CPU.Build.0 = Release|Any CPU
	EndGlobalSection
	GlobalSection(SolutionProperties) = preSolution
		HideSolutionNode = FALSE
	EndGlobalSection
	GlobalSection(ExtensibilityGlobals) = postSolution
		SolutionGuid = {F75797E8-B147-4747-9F21-DDC882AAAF62}
	EndGlobalSection
EndGlobal
